
Microsoft Visual Studio Solution File, Format Version 11.00
# Visual Studio 2010
Project("{FAE04EC0-301F-11D3-BF4B-00C04F79EFBC}") = "Oculus.Platform", "Oculus.Platform.csproj", "{AC2CB440-E2E5-F382-A263-0C2298900410}"
EndProject
Project("{FAE04EC0-301F-11D3-BF4B-00C04F79EFBC}") = "Assembly-CSharp", "Assembly-CSharp.csproj", "{831AC82C-470F-FC22-9DC0-6DF12B4D928A}"
EndProject
Project("{FAE04EC0-301F-11D3-BF4B-00C04F79EFBC}") = "Oculus.Spatializer", "Oculus.Spatializer.csproj", "{5BE1AA6B-1DBC-CF24-DB85-F864D951D493}"
EndProject
Project("{FAE04EC0-301F-11D3-BF4B-00C04F79EFBC}") = "UniGLTF", "UniGLTF.csproj", "{E898F610-1954-4057-5884-D83A0CA75653}"
EndProject
Project("{FAE04EC0-301F-11D3-BF4B-00C04F79EFBC}") = "Oculus.Interaction", "Oculus.Interaction.csproj", "{6D2FA969-5C8A-3885-998D-5EB4F13D2B74}"
EndProject
Project("{FAE04EC0-301F-11D3-BF4B-00C04F79EFBC}") = "VRM", "VRM.csproj", "{470BD363-49E3-8A78-95A0-059C2734AF84}"
EndProject
Project("{FAE04EC0-301F-11D3-BF4B-00C04F79EFBC}") = "VRMShaders.GLTF.IO.Runtime", "VRMShaders.GLTF.IO.Runtime.csproj", "{092D2C47-A9DA-1B87-5091-D7EFC3E540C6}"
EndProject
Project("{FAE04EC0-301F-11D3-BF4B-00C04F79EFBC}") = "Oculus.VR", "Oculus.VR.csproj", "{A4BEFB73-BF77-6AAB-AB87-798762653D95}"
EndProject
Project("{FAE04EC0-301F-11D3-BF4B-00C04F79EFBC}") = "VRMShaders.VRM10.MToon10.Runtime", "VRMShaders.VRM10.MToon10.Runtime.csproj", "{00B40EA0-D1AC-027E-5796-0AEF162061AA}"
EndProject
Project("{FAE04EC0-301F-11D3-BF4B-00C04F79EFBC}") = "Oculus.Interaction.Samples", "Oculus.Interaction.Samples.csproj", "{BD3ED468-583C-20DC-B7BC-E0CF29A415B3}"
EndProject
Project("{FAE04EC0-301F-11D3-BF4B-00C04F79EFBC}") = "Facebook.WitAI", "Facebook.WitAI.csproj", "{82AC8C66-D5B7-6812-7792-E591142BF59F}"
EndProject
Project("{FAE04EC0-301F-11D3-BF4B-00C04F79EFBC}") = "Oculus.AudioManager", "Oculus.AudioManager.csproj", "{187B308E-F62C-5FDF-27F9-AA0D113A4451}"
EndProject
Project("{FAE04EC0-301F-11D3-BF4B-00C04F79EFBC}") = "UniHumanoid", "UniHumanoid.csproj", "{AF79E2CE-7FED-F59E-E000-6611280AAB9C}"
EndProject
Project("{FAE04EC0-301F-11D3-BF4B-00C04F79EFBC}") = "VoiceSDK.Runtime", "VoiceSDK.Runtime.csproj", "{1274E22F-651D-3F5B-A490-A61C79820445}"
EndProject
Project("{FAE04EC0-301F-11D3-BF4B-00C04F79EFBC}") = "FastSpringBone", "FastSpringBone.csproj", "{29F1B5DF-793E-F0D3-5AB1-5CC940E9DA01}"
EndProject
Project("{FAE04EC0-301F-11D3-BF4B-00C04F79EFBC}") = "AssistantCoreSDKRuntime", "AssistantCoreSDKRuntime.csproj", "{D706948F-A1A8-D529-4896-20A688C19090}"
EndProject
Project("{FAE04EC0-301F-11D3-BF4B-00C04F79EFBC}") = "VRMShaders.GLTF.UniUnlit.Runtime", "VRMShaders.GLTF.UniUnlit.Runtime.csproj", "{314A158C-1473-BB0B-DE58-6571F0D547E1}"
EndProject
Project("{FAE04EC0-301F-11D3-BF4B-00C04F79EFBC}") = "VRMShaders.VRM.IO.Runtime", "VRMShaders.VRM.IO.Runtime.csproj", "{7AE02E62-2BA6-F08E-7C34-DAD4B519FC04}"
EndProject
Project("{FAE04EC0-301F-11D3-BF4B-00C04F79EFBC}") = "MToon", "MToon.csproj", "{9F84C854-D80E-E3CF-06B4-7A34BB69FE5F}"
EndProject
Project("{FAE04EC0-301F-11D3-BF4B-00C04F79EFBC}") = "Oculus.LipSync", "Oculus.LipSync.csproj", "{95F68C60-E039-FAF5-0BFA-98008793E6BB}"
EndProject
Project("{FAE04EC0-301F-11D3-BF4B-00C04F79EFBC}") = "VRMShaders.VRM10.Format.Runtime", "VRMShaders.VRM10.Format.Runtime.csproj", "{9640A9C1-E742-255D-8833-219683C8EF98}"
EndProject
Project("{FAE04EC0-301F-11D3-BF4B-00C04F79EFBC}") = "UniGLTF.Samples.ScreenSpace", "UniGLTF.Samples.ScreenSpace.csproj", "{81CD2598-62EF-703C-3325-37D288F06E07}"
EndProject
Project("{FAE04EC0-301F-11D3-BF4B-00C04F79EFBC}") = "UniGLTF.Tests", "UniGLTF.Tests.csproj", "{2CBB0CD7-5875-722E-DC1D-4C5EE014F2A0}"
EndProject
Project("{FAE04EC0-301F-11D3-BF4B-00C04F79EFBC}") = "UniVRM.Editor", "UniVRM.Editor.csproj", "{B4B0AA08-7276-3456-371D-EA4E38A0932F}"
EndProject
Project("{FAE04EC0-301F-11D3-BF4B-00C04F79EFBC}") = "VRMShaders.GLTF.UniUnlit.Editor", "VRMShaders.GLTF.UniUnlit.Editor.csproj", "{C0AACF1F-9E6A-6BD5-0D0B-94A37495C2C0}"
EndProject
Project("{FAE04EC0-301F-11D3-BF4B-00C04F79EFBC}") = "Oculus.Interaction.Editor", "Oculus.Interaction.Editor.csproj", "{C65616E3-35F8-05DC-E90B-5D0378BCE40D}"
EndProject
Project("{FAE04EC0-301F-11D3-BF4B-00C04F79EFBC}") = "UniGLTF.Editor", "UniGLTF.Editor.csproj", "{BDF928D5-B8A4-722A-46C0-D347C645378A}"
EndProject
Project("{FAE04EC0-301F-11D3-BF4B-00C04F79EFBC}") = "UniHumanoid.Editor", "UniHumanoid.Editor.csproj", "{F5BC266C-86CF-E2AF-A42E-72DED71C24F1}"
EndProject
Project("{FAE04EC0-301F-11D3-BF4B-00C04F79EFBC}") = "Facebook.Wit.Editor", "Facebook.Wit.Editor.csproj", "{EE7AFE8C-0458-8681-7428-39063FBC95ED}"
EndProject
Project("{FAE04EC0-301F-11D3-BF4B-00C04F79EFBC}") = "Oculus.Spatializer.Editor", "Oculus.Spatializer.Editor.csproj", "{9E1A830E-B30C-3B5F-F672-7C77713BF184}"
EndProject
Project("{FAE04EC0-301F-11D3-BF4B-00C04F79EFBC}") = "VRM.Tests", "VRM.Tests.csproj", "{511EB8F8-F1F7-EF04-9206-FC41C1B56F3A}"
EndProject
Project("{FAE04EC0-301F-11D3-BF4B-00C04F79EFBC}") = "Assembly-CSharp-Editor", "Assembly-CSharp-Editor.csproj", "{F04AB57C-A473-79C5-C563-4493AB2C8006}"
EndProject
Project("{FAE04EC0-301F-11D3-BF4B-00C04F79EFBC}") = "VRMShaders.GLTF.IO.Tests", "VRMShaders.GLTF.IO.Tests.csproj", "{E57977B6-67D1-1DDF-A3D2-7AA75D0FE798}"
EndProject
Project("{FAE04EC0-301F-11D3-BF4B-00C04F79EFBC}") = "Oculus.VR.Editor", "Oculus.VR.Editor.csproj", "{17EA8EA0-5C51-0A36-44D2-86AEFF614FFD}"
EndProject
Project("{FAE04EC0-301F-11D3-BF4B-00C04F79EFBC}") = "VoiceSDK.Editor", "VoiceSDK.Editor.csproj", "{9E9400C4-B3C9-B021-9FB1-2D180931313A}"
EndProject
Project("{FAE04EC0-301F-11D3-BF4B-00C04F79EFBC}") = "Oculus.Platform.Editor", "Oculus.Platform.Editor.csproj", "{CB6056D9-0D5E-92AD-5827-7AE98DFCF76F}"
EndProject
Project("{FAE04EC0-301F-11D3-BF4B-00C04F79EFBC}") = "VRMShaders.VRM10.MToon10.Editor", "VRMShaders.VRM10.MToon10.Editor.csproj", "{B5B6F2A9-85A0-9188-8EB9-95891778B28B}"
EndProject
Project("{FAE04EC0-301F-11D3-BF4B-00C04F79EFBC}") = "Oculus.AudioManager.Audio.Editor", "Oculus.AudioManager.Audio.Editor.csproj", "{190E8F39-5309-CDE7-8CE5-61BE9D74161E}"
EndProject
Project("{FAE04EC0-301F-11D3-BF4B-00C04F79EFBC}") = "Oculus.Interaction.InterfaceSupport", "Oculus.Interaction.InterfaceSupport.csproj", "{F79A87E8-DE05-87FD-E5E8-0D1B17BE5C22}"
EndProject
Project("{FAE04EC0-301F-11D3-BF4B-00C04F79EFBC}") = "Oculus.VR.Scripts.Editor", "Oculus.VR.Scripts.Editor.csproj", "{E774EBBB-E510-F4F4-6CFC-88A05F2485B4}"
EndProject
Project("{FAE04EC0-301F-11D3-BF4B-00C04F79EFBC}") = "MToon.Editor", "MToon.Editor.csproj", "{8E4C5F78-0453-BAFC-97F5-FBD9920F1E73}"
EndProject
Project("{FAE04EC0-301F-11D3-BF4B-00C04F79EFBC}") = "Oculus.LipSync.Editor", "Oculus.LipSync.Editor.csproj", "{4AB864C7-ED0F-F89E-BB9D-7DF459D676CB}"
EndProject
Project("{FAE04EC0-301F-11D3-BF4B-00C04F79EFBC}") = "VRMShaders.GLTF.IO.Editor", "VRMShaders.GLTF.IO.Editor.csproj", "{8FB244F2-A2AA-0799-2333-15E1C19B61AA}"
EndProject
Project("{FAE04EC0-301F-11D3-BF4B-00C04F79EFBC}") = "AssistantCoreSDKEditor", "AssistantCoreSDKEditor.csproj", "{ED0F5313-B532-17CC-1FAE-22C5626F641A}"
EndProject
Project("{FAE04EC0-301F-11D3-BF4B-00C04F79EFBC}") = "VRMShaders.VRM10.MToon10.Tests", "VRMShaders.VRM10.MToon10.Tests.csproj", "{A09C6113-00D5-F8DD-F0E1-44B0FD81FF5F}"
EndProject
Project("{FAE04EC0-301F-11D3-BF4B-00C04F79EFBC}") = "Oculus.AudioManager.Utils.Editor", "Oculus.AudioManager.Utils.Editor.csproj", "{7613EFA7-1381-CED8-588E-49F700B3A6C8}"
EndProject
Project("{FAE04EC0-301F-11D3-BF4B-00C04F79EFBC}") = "UniHumanoid.Editor.Tests", "UniHumanoid.Editor.Tests.csproj", "{D461258A-CDBB-0351-D86E-EDF63FBCFCDC}"
EndProject
Project("{FAE04EC0-301F-11D3-BF4B-00C04F79EFBC}") = "VRM.Samples.Editor.Tests", "VRM.Samples.Editor.Tests.csproj", "{D8DF8E52-A33E-E913-D335-0B221460FC40}"
EndProject
Project("{FAE04EC0-301F-11D3-BF4B-00C04F79EFBC}") = "VRMShaders.VRM.IO.Editor", "VRMShaders.VRM.IO.Editor.csproj", "{030E1EFC-852A-B61D-2BAF-EC9C52278CE5}"
EndProject
Global
	GlobalSection(SolutionConfigurationPlatforms) = preSolution
		Debug|Any CPU = Debug|Any CPU
		Release|Any CPU = Release|Any CPU
	EndGlobalSection
	GlobalSection(ProjectConfigurationPlatforms) = postSolution
		{AC2CB440-E2E5-F382-A263-0C2298900410}.Debug|Any CPU.ActiveCfg = Debug|Any CPU
		{AC2CB440-E2E5-F382-A263-0C2298900410}.Debug|Any CPU.Build.0 = Debug|Any CPU
		{AC2CB440-E2E5-F382-A263-0C2298900410}.Release|Any CPU.ActiveCfg = Release|Any CPU
		{AC2CB440-E2E5-F382-A263-0C2298900410}.Release|Any CPU.Build.0 = Release|Any CPU
		{831AC82C-470F-FC22-9DC0-6DF12B4D928A}.Debug|Any CPU.ActiveCfg = Debug|Any CPU
		{831AC82C-470F-FC22-9DC0-6DF12B4D928A}.Debug|Any CPU.Build.0 = Debug|Any CPU
		{831AC82C-470F-FC22-9DC0-6DF12B4D928A}.Release|Any CPU.ActiveCfg = Release|Any CPU
		{831AC82C-470F-FC22-9DC0-6DF12B4D928A}.Release|Any CPU.Build.0 = Release|Any CPU
		{5BE1AA6B-1DBC-CF24-DB85-F864D951D493}.Debug|Any CPU.ActiveCfg = Debug|Any CPU
		{5BE1AA6B-1DBC-CF24-DB85-F864D951D493}.Debug|Any CPU.Build.0 = Debug|Any CPU
		{5BE1AA6B-1DBC-CF24-DB85-F864D951D493}.Release|Any CPU.ActiveCfg = Release|Any CPU
		{5BE1AA6B-1DBC-CF24-DB85-F864D951D493}.Release|Any CPU.Build.0 = Release|Any CPU
		{E898F610-1954-4057-5884-D83A0CA75653}.Debug|Any CPU.ActiveCfg = Debug|Any CPU
		{E898F610-1954-4057-5884-D83A0CA75653}.Debug|Any CPU.Build.0 = Debug|Any CPU
		{E898F610-1954-4057-5884-D83A0CA75653}.Release|Any CPU.ActiveCfg = Release|Any CPU
		{E898F610-1954-4057-5884-D83A0CA75653}.Release|Any CPU.Build.0 = Release|Any CPU
		{6D2FA969-5C8A-3885-998D-5EB4F13D2B74}.Debug|Any CPU.ActiveCfg = Debug|Any CPU
		{6D2FA969-5C8A-3885-998D-5EB4F13D2B74}.Debug|Any CPU.Build.0 = Debug|Any CPU
		{6D2FA969-5C8A-3885-998D-5EB4F13D2B74}.Release|Any CPU.ActiveCfg = Release|Any CPU
		{6D2FA969-5C8A-3885-998D-5EB4F13D2B74}.Release|Any CPU.Build.0 = Release|Any CPU
		{470BD363-49E3-8A78-95A0-059C2734AF84}.Debug|Any CPU.ActiveCfg = Debug|Any CPU
		{470BD363-49E3-8A78-95A0-059C2734AF84}.Debug|Any CPU.Build.0 = Debug|Any CPU
		{470BD363-49E3-8A78-95A0-059C2734AF84}.Release|Any CPU.ActiveCfg = Release|Any CPU
		{470BD363-49E3-8A78-95A0-059C2734AF84}.Release|Any CPU.Build.0 = Release|Any CPU
		{092D2C47-A9DA-1B87-5091-D7EFC3E540C6}.Debug|Any CPU.ActiveCfg = Debug|Any CPU
		{092D2C47-A9DA-1B87-5091-D7EFC3E540C6}.Debug|Any CPU.Build.0 = Debug|Any CPU
		{092D2C47-A9DA-1B87-5091-D7EFC3E540C6}.Release|Any CPU.ActiveCfg = Release|Any CPU
		{092D2C47-A9DA-1B87-5091-D7EFC3E540C6}.Release|Any CPU.Build.0 = Release|Any CPU
		{A4BEFB73-BF77-6AAB-AB87-798762653D95}.Debug|Any CPU.ActiveCfg = Debug|Any CPU
		{A4BEFB73-BF77-6AAB-AB87-798762653D95}.Debug|Any CPU.Build.0 = Debug|Any CPU
		{A4BEFB73-BF77-6AAB-AB87-798762653D95}.Release|Any CPU.ActiveCfg = Release|Any CPU
		{A4BEFB73-BF77-6AAB-AB87-798762653D95}.Release|Any CPU.Build.0 = Release|Any CPU
		{00B40EA0-D1AC-027E-5796-0AEF162061AA}.Debug|Any CPU.ActiveCfg = Debug|Any CPU
		{00B40EA0-D1AC-027E-5796-0AEF162061AA}.Debug|Any CPU.Build.0 = Debug|Any CPU
		{00B40EA0-D1AC-027E-5796-0AEF162061AA}.Release|Any CPU.ActiveCfg = Release|Any CPU
		{00B40EA0-D1AC-027E-5796-0AEF162061AA}.Release|Any CPU.Build.0 = Release|Any CPU
		{BD3ED468-583C-20DC-B7BC-E0CF29A415B3}.Debug|Any CPU.ActiveCfg = Debug|Any CPU
		{BD3ED468-583C-20DC-B7BC-E0CF29A415B3}.Debug|Any CPU.Build.0 = Debug|Any CPU
		{BD3ED468-583C-20DC-B7BC-E0CF29A415B3}.Release|Any CPU.ActiveCfg = Release|Any CPU
		{BD3ED468-583C-20DC-B7BC-E0CF29A415B3}.Release|Any CPU.Build.0 = Release|Any CPU
		{82AC8C66-D5B7-6812-7792-E591142BF59F}.Debug|Any CPU.ActiveCfg = Debug|Any CPU
		{82AC8C66-D5B7-6812-7792-E591142BF59F}.Debug|Any CPU.Build.0 = Debug|Any CPU
		{82AC8C66-D5B7-6812-7792-E591142BF59F}.Release|Any CPU.ActiveCfg = Release|Any CPU
		{82AC8C66-D5B7-6812-7792-E591142BF59F}.Release|Any CPU.Build.0 = Release|Any CPU
		{187B308E-F62C-5FDF-27F9-AA0D113A4451}.Debug|Any CPU.ActiveCfg = Debug|Any CPU
		{187B308E-F62C-5FDF-27F9-AA0D113A4451}.Debug|Any CPU.Build.0 = Debug|Any CPU
		{187B308E-F62C-5FDF-27F9-AA0D113A4451}.Release|Any CPU.ActiveCfg = Release|Any CPU
		{187B308E-F62C-5FDF-27F9-AA0D113A4451}.Release|Any CPU.Build.0 = Release|Any CPU
		{AF79E2CE-7FED-F59E-E000-6611280AAB9C}.Debug|Any CPU.ActiveCfg = Debug|Any CPU
		{AF79E2CE-7FED-F59E-E000-6611280AAB9C}.Debug|Any CPU.Build.0 = Debug|Any CPU
		{AF79E2CE-7FED-F59E-E000-6611280AAB9C}.Release|Any CPU.ActiveCfg = Release|Any CPU
		{AF79E2CE-7FED-F59E-E000-6611280AAB9C}.Release|Any CPU.Build.0 = Release|Any CPU
		{1274E22F-651D-3F5B-A490-A61C79820445}.Debug|Any CPU.ActiveCfg = Debug|Any CPU
		{1274E22F-651D-3F5B-A490-A61C79820445}.Debug|Any CPU.Build.0 = Debug|Any CPU
		{1274E22F-651D-3F5B-A490-A61C79820445}.Release|Any CPU.ActiveCfg = Release|Any CPU
		{1274E22F-651D-3F5B-A490-A61C79820445}.Release|Any CPU.Build.0 = Release|Any CPU
		{29F1B5DF-793E-F0D3-5AB1-5CC940E9DA01}.Debug|Any CPU.ActiveCfg = Debug|Any CPU
		{29F1B5DF-793E-F0D3-5AB1-5CC940E9DA01}.Debug|Any CPU.Build.0 = Debug|Any CPU
		{29F1B5DF-793E-F0D3-5AB1-5CC940E9DA01}.Release|Any CPU.ActiveCfg = Release|Any CPU
		{29F1B5DF-793E-F0D3-5AB1-5CC940E9DA01}.Release|Any CPU.Build.0 = Release|Any CPU
		{D706948F-A1A8-D529-4896-20A688C19090}.Debug|Any CPU.ActiveCfg = Debug|Any CPU
		{D706948F-A1A8-D529-4896-20A688C19090}.Debug|Any CPU.Build.0 = Debug|Any CPU
		{D706948F-A1A8-D529-4896-20A688C19090}.Release|Any CPU.ActiveCfg = Release|Any CPU
		{D706948F-A1A8-D529-4896-20A688C19090}.Release|Any CPU.Build.0 = Release|Any CPU
		{314A158C-1473-BB0B-DE58-6571F0D547E1}.Debug|Any CPU.ActiveCfg = Debug|Any CPU
		{314A158C-1473-BB0B-DE58-6571F0D547E1}.Debug|Any CPU.Build.0 = Debug|Any CPU
		{314A158C-1473-BB0B-DE58-6571F0D547E1}.Release|Any CPU.ActiveCfg = Release|Any CPU
		{314A158C-1473-BB0B-DE58-6571F0D547E1}.Release|Any CPU.Build.0 = Release|Any CPU
		{7AE02E62-2BA6-F08E-7C34-DAD4B519FC04}.Debug|Any CPU.ActiveCfg = Debug|Any CPU
		{7AE02E62-2BA6-F08E-7C34-DAD4B519FC04}.Debug|Any CPU.Build.0 = Debug|Any CPU
		{7AE02E62-2BA6-F08E-7C34-DAD4B519FC04}.Release|Any CPU.ActiveCfg = Release|Any CPU
		{7AE02E62-2BA6-F08E-7C34-DAD4B519FC04}.Release|Any CPU.Build.0 = Release|Any CPU
		{9F84C854-D80E-E3CF-06B4-7A34BB69FE5F}.Debug|Any CPU.ActiveCfg = Debug|Any CPU
		{9F84C854-D80E-E3CF-06B4-7A34BB69FE5F}.Debug|Any CPU.Build.0 = Debug|Any CPU
		{9F84C854-D80E-E3CF-06B4-7A34BB69FE5F}.Release|Any CPU.ActiveCfg = Release|Any CPU
		{9F84C854-D80E-E3CF-06B4-7A34BB69FE5F}.Release|Any CPU.Build.0 = Release|Any CPU
		{95F68C60-E039-FAF5-0BFA-98008793E6BB}.Debug|Any CPU.ActiveCfg = Debug|Any CPU
		{95F68C60-E039-FAF5-0BFA-98008793E6BB}.Debug|Any CPU.Build.0 = Debug|Any CPU
		{95F68C60-E039-FAF5-0BFA-98008793E6BB}.Release|Any CPU.ActiveCfg = Release|Any CPU
		{95F68C60-E039-FAF5-0BFA-98008793E6BB}.Release|Any CPU.Build.0 = Release|Any CPU
		{9640A9C1-E742-255D-8833-219683C8EF98}.Debug|Any CPU.ActiveCfg = Debug|Any CPU
		{9640A9C1-E742-255D-8833-219683C8EF98}.Debug|Any CPU.Build.0 = Debug|Any CPU
		{9640A9C1-E742-255D-8833-219683C8EF98}.Release|Any CPU.ActiveCfg = Release|Any CPU
		{9640A9C1-E742-255D-8833-219683C8EF98}.Release|Any CPU.Build.0 = Release|Any CPU
		{81CD2598-62EF-703C-3325-37D288F06E07}.Debug|Any CPU.ActiveCfg = Debug|Any CPU
		{81CD2598-62EF-703C-3325-37D288F06E07}.Debug|Any CPU.Build.0 = Debug|Any CPU
		{81CD2598-62EF-703C-3325-37D288F06E07}.Release|Any CPU.ActiveCfg = Release|Any CPU
		{81CD2598-62EF-703C-3325-37D288F06E07}.Release|Any CPU.Build.0 = Release|Any CPU
		{2CBB0CD7-5875-722E-DC1D-4C5EE014F2A0}.Debug|Any CPU.ActiveCfg = Debug|Any CPU
		{2CBB0CD7-5875-722E-DC1D-4C5EE014F2A0}.Debug|Any CPU.Build.0 = Debug|Any CPU
		{2CBB0CD7-5875-722E-DC1D-4C5EE014F2A0}.Release|Any CPU.ActiveCfg = Release|Any CPU
		{2CBB0CD7-5875-722E-DC1D-4C5EE014F2A0}.Release|Any CPU.Build.0 = Release|Any CPU
		{B4B0AA08-7276-3456-371D-EA4E38A0932F}.Debug|Any CPU.ActiveCfg = Debug|Any CPU
		{B4B0AA08-7276-3456-371D-EA4E38A0932F}.Debug|Any CPU.Build.0 = Debug|Any CPU
		{B4B0AA08-7276-3456-371D-EA4E38A0932F}.Release|Any CPU.ActiveCfg = Release|Any CPU
		{B4B0AA08-7276-3456-371D-EA4E38A0932F}.Release|Any CPU.Build.0 = Release|Any CPU
		{C0AACF1F-9E6A-6BD5-0D0B-94A37495C2C0}.Debug|Any CPU.ActiveCfg = Debug|Any CPU
		{C0AACF1F-9E6A-6BD5-0D0B-94A37495C2C0}.Debug|Any CPU.Build.0 = Debug|Any CPU
		{C0AACF1F-9E6A-6BD5-0D0B-94A37495C2C0}.Release|Any CPU.ActiveCfg = Release|Any CPU
		{C0AACF1F-9E6A-6BD5-0D0B-94A37495C2C0}.Release|Any CPU.Build.0 = Release|Any CPU
		{C65616E3-35F8-05DC-E90B-5D0378BCE40D}.Debug|Any CPU.ActiveCfg = Debug|Any CPU
		{C65616E3-35F8-05DC-E90B-5D0378BCE40D}.Debug|Any CPU.Build.0 = Debug|Any CPU
		{C65616E3-35F8-05DC-E90B-5D0378BCE40D}.Release|Any CPU.ActiveCfg = Release|Any CPU
		{C65616E3-35F8-05DC-E90B-5D0378BCE40D}.Release|Any CPU.Build.0 = Release|Any CPU
		{BDF928D5-B8A4-722A-46C0-D347C645378A}.Debug|Any CPU.ActiveCfg = Debug|Any CPU
		{BDF928D5-B8A4-722A-46C0-D347C645378A}.Debug|Any CPU.Build.0 = Debug|Any CPU
		{BDF928D5-B8A4-722A-46C0-D347C645378A}.Release|Any CPU.ActiveCfg = Release|Any CPU
		{BDF928D5-B8A4-722A-46C0-D347C645378A}.Release|Any CPU.Build.0 = Release|Any CPU
		{F5BC266C-86CF-E2AF-A42E-72DED71C24F1}.Debug|Any CPU.ActiveCfg = Debug|Any CPU
		{F5BC266C-86CF-E2AF-A42E-72DED71C24F1}.Debug|Any CPU.Build.0 = Debug|Any CPU
		{F5BC266C-86CF-E2AF-A42E-72DED71C24F1}.Release|Any CPU.ActiveCfg = Release|Any CPU
		{F5BC266C-86CF-E2AF-A42E-72DED71C24F1}.Release|Any CPU.Build.0 = Release|Any CPU
		{EE7AFE8C-0458-8681-7428-39063FBC95ED}.Debug|Any CPU.ActiveCfg = Debug|Any CPU
		{EE7AFE8C-0458-8681-7428-39063FBC95ED}.Debug|Any CPU.Build.0 = Debug|Any CPU
		{EE7AFE8C-0458-8681-7428-39063FBC95ED}.Release|Any CPU.ActiveCfg = Release|Any CPU
		{EE7AFE8C-0458-8681-7428-39063FBC95ED}.Release|Any CPU.Build.0 = Release|Any CPU
		{9E1A830E-B30C-3B5F-F672-7C77713BF184}.Debug|Any CPU.ActiveCfg = Debug|Any CPU
		{9E1A830E-B30C-3B5F-F672-7C77713BF184}.Debug|Any CPU.Build.0 = Debug|Any CPU
		{9E1A830E-B30C-3B5F-F672-7C77713BF184}.Release|Any CPU.ActiveCfg = Release|Any CPU
		{9E1A830E-B30C-3B5F-F672-7C77713BF184}.Release|Any CPU.Build.0 = Release|Any CPU
		{511EB8F8-F1F7-EF04-9206-FC41C1B56F3A}.Debug|Any CPU.ActiveCfg = Debug|Any CPU
		{511EB8F8-F1F7-EF04-9206-FC41C1B56F3A}.Debug|Any CPU.Build.0 = Debug|Any CPU
		{511EB8F8-F1F7-EF04-9206-FC41C1B56F3A}.Release|Any CPU.ActiveCfg = Release|Any CPU
		{511EB8F8-F1F7-EF04-9206-FC41C1B56F3A}.Release|Any CPU.Build.0 = Release|Any CPU
		{F04AB57C-A473-79C5-C563-4493AB2C8006}.Debug|Any CPU.ActiveCfg = Debug|Any CPU
		{F04AB57C-A473-79C5-C563-4493AB2C8006}.Debug|Any CPU.Build.0 = Debug|Any CPU
		{F04AB57C-A473-79C5-C563-4493AB2C8006}.Release|Any CPU.ActiveCfg = Release|Any CPU
		{F04AB57C-A473-79C5-C563-4493AB2C8006}.Release|Any CPU.Build.0 = Release|Any CPU
		{E57977B6-67D1-1DDF-A3D2-7AA75D0FE798}.Debug|Any CPU.ActiveCfg = Debug|Any CPU
		{E57977B6-67D1-1DDF-A3D2-7AA75D0FE798}.Debug|Any CPU.Build.0 = Debug|Any CPU
		{E57977B6-67D1-1DDF-A3D2-7AA75D0FE798}.Release|Any CPU.ActiveCfg = Release|Any CPU
		{E57977B6-67D1-1DDF-A3D2-7AA75D0FE798}.Release|Any CPU.Build.0 = Release|Any CPU
		{17EA8EA0-5C51-0A36-44D2-86AEFF614FFD}.Debug|Any CPU.ActiveCfg = Debug|Any CPU
		{17EA8EA0-5C51-0A36-44D2-86AEFF614FFD}.Debug|Any CPU.Build.0 = Debug|Any CPU
		{17EA8EA0-5C51-0A36-44D2-86AEFF614FFD}.Release|Any CPU.ActiveCfg = Release|Any CPU
		{17EA8EA0-5C51-0A36-44D2-86AEFF614FFD}.Release|Any CPU.Build.0 = Release|Any CPU
		{9E9400C4-B3C9-B021-9FB1-2D180931313A}.Debug|Any CPU.ActiveCfg = Debug|Any CPU
		{9E9400C4-B3C9-B021-9FB1-2D180931313A}.Debug|Any CPU.Build.0 = Debug|Any CPU
		{9E9400C4-B3C9-B021-9FB1-2D180931313A}.Release|Any CPU.ActiveCfg = Release|Any CPU
		{9E9400C4-B3C9-B021-9FB1-2D180931313A}.Release|Any CPU.Build.0 = Release|Any CPU
		{CB6056D9-0D5E-92AD-5827-7AE98DFCF76F}.Debug|Any CPU.ActiveCfg = Debug|Any CPU
		{CB6056D9-0D5E-92AD-5827-7AE98DFCF76F}.Debug|Any CPU.Build.0 = Debug|Any CPU
		{CB6056D9-0D5E-92AD-5827-7AE98DFCF76F}.Release|Any CPU.ActiveCfg = Release|Any CPU
		{CB6056D9-0D5E-92AD-5827-7AE98DFCF76F}.Release|Any CPU.Build.0 = Release|Any CPU
		{B5B6F2A9-85A0-9188-8EB9-95891778B28B}.Debug|Any CPU.ActiveCfg = Debug|Any CPU
		{B5B6F2A9-85A0-9188-8EB9-95891778B28B}.Debug|Any CPU.Build.0 = Debug|Any CPU
		{B5B6F2A9-85A0-9188-8EB9-95891778B28B}.Release|Any CPU.ActiveCfg = Release|Any CPU
		{B5B6F2A9-85A0-9188-8EB9-95891778B28B}.Release|Any CPU.Build.0 = Release|Any CPU
		{190E8F39-5309-CDE7-8CE5-61BE9D74161E}.Debug|Any CPU.ActiveCfg = Debug|Any CPU
		{190E8F39-5309-CDE7-8CE5-61BE9D74161E}.Debug|Any CPU.Build.0 = Debug|Any CPU
		{190E8F39-5309-CDE7-8CE5-61BE9D74161E}.Release|Any CPU.ActiveCfg = Release|Any CPU
		{190E8F39-5309-CDE7-8CE5-61BE9D74161E}.Release|Any CPU.Build.0 = Release|Any CPU
		{F79A87E8-DE05-87FD-E5E8-0D1B17BE5C22}.Debug|Any CPU.ActiveCfg = Debug|Any CPU
		{F79A87E8-DE05-87FD-E5E8-0D1B17BE5C22}.Debug|Any CPU.Build.0 = Debug|Any CPU
		{F79A87E8-DE05-87FD-E5E8-0D1B17BE5C22}.Release|Any CPU.ActiveCfg = Release|Any CPU
		{F79A87E8-DE05-87FD-E5E8-0D1B17BE5C22}.Release|Any CPU.Build.0 = Release|Any CPU
		{E774EBBB-E510-F4F4-6CFC-88A05F2485B4}.Debug|Any CPU.ActiveCfg = Debug|Any CPU
		{E774EBBB-E510-F4F4-6CFC-88A05F2485B4}.Debug|Any CPU.Build.0 = Debug|Any CPU
		{E774EBBB-E510-F4F4-6CFC-88A05F2485B4}.Release|Any CPU.ActiveCfg = Release|Any CPU
		{E774EBBB-E510-F4F4-6CFC-88A05F2485B4}.Release|Any CPU.Build.0 = Release|Any CPU
		{8E4C5F78-0453-BAFC-97F5-FBD9920F1E73}.Debug|Any CPU.ActiveCfg = Debug|Any CPU
		{8E4C5F78-0453-BAFC-97F5-FBD9920F1E73}.Debug|Any CPU.Build.0 = Debug|Any CPU
		{8E4C5F78-0453-BAFC-97F5-FBD9920F1E73}.Release|Any CPU.ActiveCfg = Release|Any CPU
		{8E4C5F78-0453-BAFC-97F5-FBD9920F1E73}.Release|Any CPU.Build.0 = Release|Any CPU
		{4AB864C7-ED0F-F89E-BB9D-7DF459D676CB}.Debug|Any CPU.ActiveCfg = Debug|Any CPU
		{4AB864C7-ED0F-F89E-BB9D-7DF459D676CB}.Debug|Any CPU.Build.0 = Debug|Any CPU
		{4AB864C7-ED0F-F89E-BB9D-7DF459D676CB}.Release|Any CPU.ActiveCfg = Release|Any CPU
		{4AB864C7-ED0F-F89E-BB9D-7DF459D676CB}.Release|Any CPU.Build.0 = Release|Any CPU
		{8FB244F2-A2AA-0799-2333-15E1C19B61AA}.Debug|Any CPU.ActiveCfg = Debug|Any CPU
		{8FB244F2-A2AA-0799-2333-15E1C19B61AA}.Debug|Any CPU.Build.0 = Debug|Any CPU
		{8FB244F2-A2AA-0799-2333-15E1C19B61AA}.Release|Any CPU.ActiveCfg = Release|Any CPU
		{8FB244F2-A2AA-0799-2333-15E1C19B61AA}.Release|Any CPU.Build.0 = Release|Any CPU
		{ED0F5313-B532-17CC-1FAE-22C5626F641A}.Debug|Any CPU.ActiveCfg = Debug|Any CPU
		{ED0F5313-B532-17CC-1FAE-22C5626F641A}.Debug|Any CPU.Build.0 = Debug|Any CPU
		{ED0F5313-B532-17CC-1FAE-22C5626F641A}.Release|Any CPU.ActiveCfg = Release|Any CPU
		{ED0F5313-B532-17CC-1FAE-22C5626F641A}.Release|Any CPU.Build.0 = Release|Any CPU
		{A09C6113-00D5-F8DD-F0E1-44B0FD81FF5F}.Debug|Any CPU.ActiveCfg = Debug|Any CPU
		{A09C6113-00D5-F8DD-F0E1-44B0FD81FF5F}.Debug|Any CPU.Build.0 = Debug|Any CPU
		{A09C6113-00D5-F8DD-F0E1-44B0FD81FF5F}.Release|Any CPU.ActiveCfg = Release|Any CPU
		{A09C6113-00D5-F8DD-F0E1-44B0FD81FF5F}.Release|Any CPU.Build.0 = Release|Any CPU
		{7613EFA7-1381-CED8-588E-49F700B3A6C8}.Debug|Any CPU.ActiveCfg = Debug|Any CPU
		{7613EFA7-1381-CED8-588E-49F700B3A6C8}.Debug|Any CPU.Build.0 = Debug|Any CPU
		{7613EFA7-1381-CED8-588E-49F700B3A6C8}.Release|Any CPU.ActiveCfg = Release|Any CPU
		{7613EFA7-1381-CED8-588E-49F700B3A6C8}.Release|Any CPU.Build.0 = Release|Any CPU
		{D461258A-CDBB-0351-D86E-EDF63FBCFCDC}.Debug|Any CPU.ActiveCfg = Debug|Any CPU
		{D461258A-CDBB-0351-D86E-EDF63FBCFCDC}.Debug|Any CPU.Build.0 = Debug|Any CPU
		{D461258A-CDBB-0351-D86E-EDF63FBCFCDC}.Release|Any CPU.ActiveCfg = Release|Any CPU
		{D461258A-CDBB-0351-D86E-EDF63FBCFCDC}.Release|Any CPU.Build.0 = Release|Any CPU
		{D8DF8E52-A33E-E913-D335-0B221460FC40}.Debug|Any CPU.ActiveCfg = Debug|Any CPU
		{D8DF8E52-A33E-E913-D335-0B221460FC40}.Debug|Any CPU.Build.0 = Debug|Any CPU
		{D8DF8E52-A33E-E913-D335-0B221460FC40}.Release|Any CPU.ActiveCfg = Release|Any CPU
		{D8DF8E52-A33E-E913-D335-0B221460FC40}.Release|Any CPU.Build.0 = Release|Any CPU
		{030E1EFC-852A-B61D-2BAF-EC9C52278CE5}.Debug|Any CPU.ActiveCfg = Debug|Any CPU
		{030E1EFC-852A-B61D-2BAF-EC9C52278CE5}.Debug|Any CPU.Build.0 = Debug|Any CPU
		{030E1EFC-852A-B61D-2BAF-EC9C52278CE5}.Release|Any CPU.ActiveCfg = Release|Any CPU
		{030E1EFC-852A-B61D-2BAF-EC9C52278CE5}.Release|Any CPU.Build.0 = Release|Any CPU
	EndGlobalSection
	GlobalSection(SolutionProperties) = preSolution
		HideSolutionNode = FALSE
	EndGlobalSection
EndGlobal
